
Microsoft Visual Studio Solution File, Format Version 12.00
# Visual Studio 15
VisualStudioVersion = 15.0.27130.2027
MinimumVisualStudioVersion = 10.0.40219.1
Project("{FAE04EC0-301F-11D3-BF4B-00C04F79EFBC}") = "LegacyTestingExample", "LegacyTestingExample\LegacyTestingExample.csproj", "{A72357E2-055C-44C5-A588-E47BED093FF8}"
EndProject
Project("{FAE04EC0-301F-11D3-BF4B-00C04F79EFBC}") = "UnitTestingTools", "UnitTestingTools\UnitTestingTools.csproj", "{2551CB09-EBD6-4C7E-8388-0B503EEAD63B}"
EndProject
Project("{FAE04EC0-301F-11D3-BF4B-00C04F79EFBC}") = "LegacyTestingExample.UnitTests", "LegacyTestingExample.UnitTests\LegacyTestingExample.UnitTests.csproj", "{ABB876A1-8887-4067-B098-E9504666D038}"
EndProject
Global
	GlobalSection(SolutionConfigurationPlatforms) = preSolution
		Debug|Any CPU = Debug|Any CPU
		Release|Any CPU = Release|Any CPU
	EndGlobalSection
	GlobalSection(ProjectConfigurationPlatforms) = postSolution
		{A72357E2-055C-44C5-A588-E47BED093FF8}.Debug|Any CPU.ActiveCfg = Debug|Any CPU
		{A72357E2-055C-44C5-A588-E47BED093FF8}.Debug|Any CPU.Build.0 = Debug|Any CPU
		{A72357E2-055C-44C5-A588-E47BED093FF8}.Release|Any CPU.ActiveCfg = Release|Any CPU
		{A72357E2-055C-44C5-A588-E47BED093FF8}.Release|Any CPU.Build.0 = Release|Any CPU
		{2551CB09-EBD6-4C7E-8388-0B503EEAD63B}.Debug|Any CPU.ActiveCfg = Debug|Any CPU
		{2551CB09-EBD6-4C7E-8388-0B503EEAD63B}.Debug|Any CPU.Build.0 = Debug|Any CPU
		{2551CB09-EBD6-4C7E-8388-0B503EEAD63B}.Release|Any CPU.ActiveCfg = Release|Any CPU
		{2551CB09-EBD6-4C7E-8388-0B503EEAD63B}.Release|Any CPU.Build.0 = Release|Any CPU
		{ABB876A1-8887-4067-B098-E9504666D038}.Debug|Any CPU.ActiveCfg = Debug|Any CPU
		{ABB876A1-8887-4067-B098-E9504666D038}.Debug|Any CPU.Build.0 = Debug|Any CPU
		{ABB876A1-8887-4067-B098-E9504666D038}.Release|Any CPU.ActiveCfg = Release|Any CPU
		{ABB876A1-8887-4067-B098-E9504666D038}.Release|Any CPU.Build.0 = Release|Any CPU
	EndGlobalSection
	GlobalSection(SolutionProperties) = preSolution
		HideSolutionNode = FALSE
	EndGlobalSection
	GlobalSection(ExtensibilityGlobals) = postSolution
		SolutionGuid = {5DFC7557-5534-4212-B4FA-9A339F747B6F}
	EndGlobalSection
EndGlobal
